// !$*UTF8*$!
{
	archiveVersion = 1;
	classes = {
	};
	objectVersion = 46;
	objects = {

/* Begin PBXBuildFile section */
		A6716D871D892E9900E51010 /* AppDelegate.swift in Sources */ = {isa = PBXBuildFile; fileRef = A6716D861D892E9900E51010 /* AppDelegate.swift */; };
		A6716D891D892E9900E51010 /* ViewController.swift in Sources */ = {isa = PBXBuildFile; fileRef = A6716D881D892E9900E51010 /* ViewController.swift */; };
		A6716D8C1D892E9900E51010 /* Main.storyboard in Resources */ = {isa = PBXBuildFile; fileRef = A6716D8A1D892E9900E51010 /* Main.storyboard */; };
		A6716D8E1D892E9900E51010 /* Assets.xcassets in Resources */ = {isa = PBXBuildFile; fileRef = A6716D8D1D892E9900E51010 /* Assets.xcassets */; };
		A6716D911D892E9900E51010 /* LaunchScreen.storyboard in Resources */ = {isa = PBXBuildFile; fileRef = A6716D8F1D892E9900E51010 /* LaunchScreen.storyboard */; };
/* End PBXBuildFile section */

/* Begin PBXFileReference section */
		A6716D831D892E9900E51010 /* coolAnimator.app */ = {isa = PBXFileReference; explicitFileType = wrapper.application; includeInIndex = 0; path = coolAnimator.app; sourceTree = BUILT_PRODUCTS_DIR; };
		A6716D861D892E9900E51010 /* AppDelegate.swift */ = {isa = PBXFileReference; lastKnownFileType = sourcecode.swift; path = AppDelegate.swift; sourceTree = "<group>"; };
		A6716D881D892E9900E51010 /* ViewController.swift */ = {isa = PBXFileReference; lastKnownFileType = sourcecode.swift; path = ViewController.swift; sourceTree = "<group>"; };
		A6716D8B1D892E9900E51010 /* Base */ = {isa = PBXFileReference; lastKnownFileType = file.storyboard; name = Base; path = Base.lproj/Main.storyboard; sourceTree = "<group>"; };
		A6716D8D1D892E9900E51010 /* Assets.xcassets */ = {isa = PBXFileReference; lastKnownFileType = folder.assetcatalog; path = Assets.xcassets; sourceTree = "<group>"; };
		A6716D901D892E9900E51010 /* Base */ = {isa = PBXFileReference; lastKnownFileType = file.storyboard; name = Base; path = Base.lproj/LaunchScreen.storyboard; sourceTree = "<group>"; };
		A6716D921D892E9900E51010 /* Info.plist */ = {isa = PBXFileReference; lastKnownFileType = text.plist.xml; path = Info.plist; sourceTree = "<group>"; };
/* End PBXFileReference section */

/* Begin PBXFrameworksBuildPhase section */
		A6716D801D892E9900E51010 /* Frameworks */ = {
			isa = PBXFrameworksBuildPhase;
			buildActionMask = 2147483647;
			files = (
			);
			runOnlyForDeploymentPostprocessing = 0;
		};
/* End PBXFrameworksBuildPhase section */

/* Begin PBXGroup section */
		A6716D7A1D892E9900E51010 = {
			isa = PBXGroup;
			children = (
				A6716D851D892E9900E51010 /* coolAnimator */,
				A6716D841D892E9900E51010 /* Products */,
			);
			sourceTree = "<group>";
		};
		A6716D841D892E9900E51010 /* Products */ = {
			isa = PBXGroup;
			children = (
				A6716D831D892E9900E51010 /* coolAnimator.app */,
			);
			name = Products;
			sourceTree = "<group>";
		};
		A6716D851D892E9900E51010 /* coolAnimator */ = {
			isa = PBXGroup;
			children = (
				A6716D861D892E9900E51010 /* AppDelegate.swift */,
				A6716D881D892E9900E51010 /* ViewController.swift */,
				A6716D8A1D892E9900E51010 /* Main.storyboard */,
				A6716D8D1D892E9900E51010 /* Assets.xcassets */,
				A6716D8F1D892E9900E51010 /* LaunchScreen.storyboard */,
				A6716D921D892E9900E51010 /* Info.plist */,
			);
			path = coolAnimator;
			sourceTree = "<group>";
		};
/* End PBXGroup section */

/* Begin PBXNativeTarget section */
		A6716D821D892E9900E51010 /* coolAnimator */ = {
			isa = PBXNativeTarget;
			buildConfigurationList = A6716D951D892E9900E51010 /* Build configuration list for PBXNativeTarget "coolAnimator" */;
			buildPhases = (
				A6716D7F1D892E9900E51010 /* Sources */,
				A6716D801D892E9900E51010 /* Frameworks */,
				A6716D811D892E9900E51010 /* Resources */,
			);
			buildRules = (
			);
			dependencies = (
			);
			name = coolAnimator;
			productName = coolAnimator;
			productReference = A6716D831D892E9900E51010 /* coolAnimator.app */;
			productType = "com.apple.product-type.application";
		};
/* End PBXNativeTarget section */

/* Begin PBXProject section */
		A6716D7B1D892E9900E51010 /* Project object */ = {
			isa = PBXProject;
			attributes = {
				LastSwiftUpdateCheck = 0800;
				LastUpgradeCheck = 0800;
				ORGANIZATIONNAME = "袁 峰";
				TargetAttributes = {
					A6716D821D892E9900E51010 = {
						CreatedOnToolsVersion = 8.0;
						LastSwiftMigration = 0800;
						ProvisioningStyle = Automatic;
					};
				};
			};
			buildConfigurationList = A6716D7E1D892E9900E51010 /* Build configuration list for PBXProject "coolAnimator" */;
			compatibilityVersion = "Xcode 3.2";
			developmentRegion = English;
			hasScannedForEncodings = 0;
			knownRegions = (
				en,
				Base,
			);
			mainGroup = A6716D7A1D892E9900E51010;
			productRefGroup = A6716D841D892E9900E51010 /* Products */;
			projectDirPath = "";
			projectRoot = "";
			targets = (
				A6716D821D892E9900E51010 /* coolAnimator */,
			);
		};
/* End PBXProject section */

/* Begin PBXResourcesBuildPhase section */
		A6716D811D892E9900E51010 /* Resources */ = {
			isa = PBXResourcesBuildPhase;
			buildActionMask = 2147483647;
			files = (
				A6716D911D892E9900E51010 /* LaunchScreen.storyboard in Resources */,
				A6716D8E1D892E9900E51010 /* Assets.xcassets in Resources */,
				A6716D8C1D892E9900E51010 /* Main.storyboard in Resources */,
			);
			runOnlyForDeploymentPostprocessing = 0;
		};
/* End PBXResourcesBuildPhase section */

/* Begin PBXSourcesBuildPhase section */
		A6716D7F1D892E9900E51010 /* Sources */ = {
			isa = PBXSourcesBuildPhase;
			buildActionMask = 2147483647;
			files = (
				A6716D891D892E9900E51010 /* ViewController.swift in Sources */,
				A6716D871D892E9900E51010 /* AppDelegate.swift in Sources */,
			);
			runOnlyForDeploymentPostprocessing = 0;
		};
/* End PBXSourcesBuildPhase section */

/* Begin PBXVariantGroup section */
		A6716D8A1D892E9900E51010 /* Main.storyboard */ = {
			isa = PBXVariantGroup;
			children = (
				A6716D8B1D892E9900E51010 /* Base */,
			);
			name = Main.storyboard;
			sourceTree = "<group>";
		};
		A6716D8F1D892E9900E51010 /* LaunchScreen.storyboard */ = {
			isa = PBXVariantGroup;
			children = (
				A6716D901D892E9900E51010 /* Base */,
			);
			name = LaunchScreen.storyboard;
			sourceTree = "<group>";
		};
/* End PBXVariantGroup section */

/* Begin XCBuildConfiguration section */
		A6716D931D892E9900E51010 /* Debug */ = {
			isa = XCBuildConfiguration;
			buildSettings = {
				ALWAYS_SEARCH_USER_PATHS = NO;
				CLANG_ANALYZER_NONNULL = YES;
				CLANG_CXX_LANGUAGE_STANDARD = "gnu++0x";
				CLANG_CXX_LIBRARY = "libc++";
				CLANG_ENABLE_MODULES = YES;
				CLANG_ENABLE_OBJC_ARC = YES;
				CLANG_WARN_BOOL_CONVERSION = YES;
				CLANG_WARN_CONSTANT_CONVERSION = YES;
				CLANG_WARN_DIRECT_OBJC_ISA_USAGE = YES_ERROR;
				CLANG_WARN_DOCUMENTATION_COMMENTS = YES;
				CLANG_WARN_EMPTY_BODY = YES;
				CLANG_WARN_ENUM_CONVERSION = YES;
				CLANG_WARN_INFINITE_RECURSION = YES;
				CLANG_WARN_INT_CONVERSION = YES;
				CLANG_WARN_OBJC_ROOT_CLASS = YES_ERROR;
				CLANG_WARN_SUSPICIOUS_MOVES = YES;
				CLANG_WARN_UNREACHABLE_CODE = YES;
				CLANG_WARN__DUPLICATE_METHOD_MATCH = YES;
				"CODE_SIGN_IDENTITY[sdk=iphoneos*]" = "iPhone Developer";
				COPY_PHASE_STRIP = NO;
				DEBUG_INFORMATION_FORMAT = dwarf;
				ENABLE_STRICT_OBJC_MSGSEND = YES;
				ENABLE_TESTABILITY = YES;
				GCC_C_LANGUAGE_STANDARD = gnu99;
				GCC_DYNAMIC_NO_PIC = NO;
				GCC_NO_COMMON_BLOCKS = YES;
				GCC_OPTIMIZATION_LEVEL = 0;
				GCC_PREPROCESSOR_DEFINITIONS = (
					"DEBUG=1",
					"$(inherited)",
				);
				GCC_WARN_64_TO_32_BIT_CONVERSION = YES;
				GCC_WARN_ABOUT_RETURN_TYPE = YES_ERROR;
				GCC_WARN_UNDECLARED_SELECTOR = YES;
				GCC_WARN_UNINITIALIZED_AUTOS = YES_AGGRESSIVE;
				GCC_WARN_UNUSED_FUNCTION = YES;
				GCC_WARN_UNUSED_VARIABLE = YES;
				IPHONEOS_DEPLOYMENT_TARGET = 10.0;
				MTL_ENABLE_DEBUG_INFO = YES;
				ONLY_ACTIVE_ARCH = YES;
				SDKROOT = iphoneos;
				SWIFT_ACTIVE_COMPILATION_CONDITIONS = DEBUG;
				SWIFT_OPTIMIZATION_LEVEL = "-Onone";
			};
			name = Debug;
		};
		A6716D941D892E9900E51010 /* Release */ = {
			isa = XCBuildConfiguration;
			buildSettings = {
				ALWAYS_SEARCH_USER_PATHS = NO;
				CLANG_ANALYZER_NONNULL = YES;
				CLANG_CXX_LANGUAGE_STANDARD = "gnu++0x";
				CLANG_CXX_LIBRARY = "libc++";
				CLANG_ENABLE_MODULES = YES;
				CLANG_ENABLE_OBJC_ARC = YES;
				CLANG_WARN_BOOL_CONVERSION = YES;
				CLANG_WARN_CONSTANT_CONVERSION = YES;
				CLANG_WARN_DIRECT_OBJC_ISA_USAGE = YES_ERROR;
				CLANG_WARN_DOCUMENTATION_COMMENTS = YES;
				CLANG_WARN_EMPTY_BODY = YES;
				CLANG_WARN_ENUM_CONVERSION = YES;
				CLANG_WARN_INFINITE_RECURSION = YES;
				CLANG_WARN_INT_CONVERSION = YES;
				CLANG_WARN_OBJC_ROOT_CLASS = YES_ERROR;
				CLANG_WARN_SUSPICIOUS_MOVES = YES;
				CLANG_WARN_UNREACHABLE_CODE = YES;
				CLANG_WARN__DUPLICATE_METHOD_MATCH = YES;
				"CODE_SIGN_IDENTITY[sdk=iphoneos*]" = "iPhone Developer";
				COPY_PHASE_STRIP = NO;
				DEBUG_INFORMATION_FORMAT = "dwarf-with-dsym";
				ENABLE_NS_ASSERTIONS = NO;
				ENABLE_STRICT_OBJC_MSGSEND = YES;
				GCC_C_LANGUAGE_STANDARD = gnu99;
				GCC_NO_COMMON_BLOCKS = YES;
				GCC_WARN_64_TO_32_BIT_CONVERSION = YES;
				GCC_WARN_ABOUT_RETURN_TYPE = YES_ERROR;
				GCC_WARN_UNDECLARED_SELECTOR = YES;
				GCC_WARN_UNINITIALIZED_AUTOS = YES_AGGRESSIVE;
				GCC_WARN_UNUSED_FUNCTION = YES;
				GCC_WARN_UNUSED_VARIABLE = YES;
				IPHONEOS_DEPLOYMENT_TARGET = 10.0;
				MTL_ENABLE_DEBUG_INFO = NO;
				SDKROOT = iphoneos;
				SWIFT_OPTIMIZATION_LEVEL = "-Owholemodule";
				VALIDATE_PRODUCT = YES;
			};
			name = Release;
		};
		A6716D961D892E9900E51010 /* Debug */ = {
			isa = XCBuildConfiguration;
			buildSettings = {
				ASSETCATALOG_COMPILER_APPICON_NAME = AppIcon;
				INFOPLIST_FILE = coolAnimator/Info.plist;
				LD_RUNPATH_SEARCH_PATHS = "$(inherited) @executable_path/Frameworks";
				PRODUCT_BUNDLE_IDENTIFIER = dyike.com.ityike.coolAnimator;
				PRODUCT_NAME = "$(TARGET_NAME)";
				SWIFT_VERSION = 3.0;
			};
			name = Debug;
		};
		A6716D971D892E9900E51010 /* Release */ = {
			isa = XCBuildConfiguration;
			buildSettings = {
				ASSETCATALOG_COMPILER_APPICON_NAME = AppIcon;
				INFOPLIST_FILE = coolAnimator/Info.plist;
				LD_RUNPATH_SEARCH_PATHS = "$(inherited) @executable_path/Frameworks";
				PRODUCT_BUNDLE_IDENTIFIER = dyike.com.ityike.coolAnimator;
				PRODUCT_NAME = "$(TARGET_NAME)";
				SWIFT_VERSION = 3.0;
			};
			name = Release;
		};
/* End XCBuildConfiguration section */

/* Begin XCConfigurationList section */
		A6716D7E1D892E9900E51010 /* Build configuration list for PBXProject "coolAnimator" */ = {
			isa = XCConfigurationList;
			buildConfigurations = (
				A6716D931D892E9900E51010 /* Debug */,
				A6716D941D892E9900E51010 /* Release */,
			);
			defaultConfigurationIsVisible = 0;
			defaultConfigurationName = Release;
		};
		A6716D951D892E9900E51010 /* Build configuration list for PBXNativeTarget "coolAnimator" */ = {
			isa = XCConfigurationList;
			buildConfigurations = (
				A6716D961D892E9900E51010 /* Debug */,
				A6716D971D892E9900E51010 /* Release */,
			);
			defaultConfigurationIsVisible = 0;
		};
/* End XCConfigurationList section */
	};
	rootObject = A6716D7B1D892E9900E51010 /* Project object */;
}
